
Microsoft Visual Studio Solution File, Format Version 12.00
# Visual Studio Version 16
VisualStudioVersion = 16.0.30907.101
MinimumVisualStudioVersion = 10.0.40219.1
Project("{FAE04EC0-301F-11D3-BF4B-00C04F79EFBC}") = "Anes", "Src\Anes\Anes.csproj", "{3B13697C-AA2D-4453-8635-134F8065C837}"
EndProject
Project("{FAE04EC0-301F-11D3-BF4B-00C04F79EFBC}") = "Anes.BusinessComponent", "Src\BusinessComponent\Anes.BusinessComponent.csproj", "{735FBEB8-F834-4722-AABA-38845ACE9474}"
EndProject
Project("{FAE04EC0-301F-11D3-BF4B-00C04F79EFBC}") = "Anes.BusinessEntity", "Src\BusinessEntity\Anes.BusinessEntity.csproj", "{D09DFB05-5C3A-4676-B5A2-443EF2E3E071}"
EndProject
Project("{FAE04EC0-301F-11D3-BF4B-00C04F79EFBC}") = "Anes.DataAccess", "Src\DataAccess\Anes.DataAccess.csproj", "{1BE7C316-24CF-4784-AF75-54AC2F67DD48}"
EndProject
Project("{FAE04EC0-301F-11D3-BF4B-00C04F79EFBC}") = "Anes.Framework", "Src\Framework\Anes.Framework.csproj", "{686873DE-589B-4382-A6FB-72408DD680EB}"
EndProject
Project("{FAE04EC0-301F-11D3-BF4B-00C04F79EFBC}") = "Anes.Interface", "Src\Interface\Anes.Interface.csproj", "{DCDEE606-7AC0-4B72-AD46-09402BE6D3AF}"
EndProject
Project("{FAE04EC0-301F-11D3-BF4B-00C04F79EFBC}") = "Anes.Data", "Src\iMedical.Data\Anes.Data.csproj", "{23ECD4F5-449A-4AD7-8848-F646ED663F72}"
EndProject
Project("{FAE04EC0-301F-11D3-BF4B-00C04F79EFBC}") = "Anes.Custom", "Src\Anes.Custom.SDJiNingYiXueYuan\Anes.Custom.csproj", "{03963B7B-D0D8-4BA3-98B8-1C7ED9DD8A91}"
EndProject
Project("{FAE04EC0-301F-11D3-BF4B-00C04F79EFBC}") = "Score", "Src\Score\Score.csproj", "{3059098A-7F49-44C9-9F15-76AEE0BB6F0B}"
EndProject
Project("{FAE04EC0-301F-11D3-BF4B-00C04F79EFBC}") = "AnesScore", "Src\AnesScore\AnesScore.csproj", "{7D615102-1132-4B4D-824A-9CC4E930C566}"
EndProject
Project("{FAE04EC0-301F-11D3-BF4B-00C04F79EFBC}") = "AccessControl", "Src\AccessControl\AccessControl.csproj", "{0AAE70C4-7558-49BB-A54D-6FBD141D6746}"
EndProject
Project("{FAE04EC0-301F-11D3-BF4B-00C04F79EFBC}") = "ApplicationFramework", "Src\ApplicationFramework\ApplicationFramework.csproj", "{F9BD81E5-A8EF-4632-9A38-741D84C45F36}"
EndProject
Project("{FAE04EC0-301F-11D3-BF4B-00C04F79EFBC}") = "AnesBaseControl", "Src\BaseControl\AnesBaseControl.csproj", "{EB170446-7366-41D7-A97B-9DFD9BA2F128}"
EndProject
Project("{FAE04EC0-301F-11D3-BF4B-00C04F79EFBC}") = "AnesClientLibrary", "Src\ClientLibrary\AnesClientLibrary.csproj", "{94E423CE-EE78-43D2-AC47-5611FC5D8612}"
EndProject
Project("{FAE04EC0-301F-11D3-BF4B-00C04F79EFBC}") = "AnesSkin", "Src\Skin\AnesSkin.csproj", "{52B2C7DA-9107-41D0-A912-E10B6304A0B8}"
EndProject
Project("{FAE04EC0-301F-11D3-BF4B-00C04F79EFBC}") = "AnesCommunicator", "Src\AnesCommunicator\AnesCommunicator\AnesCommunicator.csproj", "{B51E1ABA-38C3-4BC8-9644-C1018FA97880}"
EndProject
Global
	GlobalSection(SolutionConfigurationPlatforms) = preSolution
		Debug|Any CPU = Debug|Any CPU
		Debug|x64 = Debug|x64
		Debug|x86 = Debug|x86
		debug64|Any CPU = debug64|Any CPU
		debug64|x64 = debug64|x64
		debug64|x86 = debug64|x86
		Release|Any CPU = Release|Any CPU
		Release|x64 = Release|x64
		Release|x86 = Release|x86
	EndGlobalSection
	GlobalSection(ProjectConfigurationPlatforms) = postSolution
		{3B13697C-AA2D-4453-8635-134F8065C837}.Debug|Any CPU.ActiveCfg = Debug|Any CPU
		{3B13697C-AA2D-4453-8635-134F8065C837}.Debug|Any CPU.Build.0 = Debug|Any CPU
		{3B13697C-AA2D-4453-8635-134F8065C837}.Debug|x64.ActiveCfg = Debug|Any CPU
		{3B13697C-AA2D-4453-8635-134F8065C837}.Debug|x64.Build.0 = Debug|Any CPU
		{3B13697C-AA2D-4453-8635-134F8065C837}.Debug|x86.ActiveCfg = Debug|x86
		{3B13697C-AA2D-4453-8635-134F8065C837}.Debug|x86.Build.0 = Debug|x86
		{3B13697C-AA2D-4453-8635-134F8065C837}.debug64|Any CPU.ActiveCfg = debug64|Any CPU
		{3B13697C-AA2D-4453-8635-134F8065C837}.debug64|Any CPU.Build.0 = debug64|Any CPU
		{3B13697C-AA2D-4453-8635-134F8065C837}.debug64|x64.ActiveCfg = debug64|Any CPU
		{3B13697C-AA2D-4453-8635-134F8065C837}.debug64|x64.Build.0 = debug64|Any CPU
		{3B13697C-AA2D-4453-8635-134F8065C837}.debug64|x86.ActiveCfg = debug64|x86
		{3B13697C-AA2D-4453-8635-134F8065C837}.debug64|x86.Build.0 = debug64|x86
		{3B13697C-AA2D-4453-8635-134F8065C837}.Release|Any CPU.ActiveCfg = Release|Any CPU
		{3B13697C-AA2D-4453-8635-134F8065C837}.Release|Any CPU.Build.0 = Release|Any CPU
		{3B13697C-AA2D-4453-8635-134F8065C837}.Release|x64.ActiveCfg = Release|Any CPU
		{3B13697C-AA2D-4453-8635-134F8065C837}.Release|x64.Build.0 = Release|Any CPU
		{3B13697C-AA2D-4453-8635-134F8065C837}.Release|x86.ActiveCfg = Release|x86
		{3B13697C-AA2D-4453-8635-134F8065C837}.Release|x86.Build.0 = Release|x86
		{735FBEB8-F834-4722-AABA-38845ACE9474}.Debug|Any CPU.ActiveCfg = Debug|Any CPU
		{735FBEB8-F834-4722-AABA-38845ACE9474}.Debug|Any CPU.Build.0 = Debug|Any CPU
		{735FBEB8-F834-4722-AABA-38845ACE9474}.Debug|x64.ActiveCfg = Debug|Any CPU
		{735FBEB8-F834-4722-AABA-38845ACE9474}.Debug|x64.Build.0 = Debug|Any CPU
		{735FBEB8-F834-4722-AABA-38845ACE9474}.Debug|x86.ActiveCfg = Debug|x86
		{735FBEB8-F834-4722-AABA-38845ACE9474}.Debug|x86.Build.0 = Debug|x86
		{735FBEB8-F834-4722-AABA-38845ACE9474}.debug64|Any CPU.ActiveCfg = debug64|Any CPU
		{735FBEB8-F834-4722-AABA-38845ACE9474}.debug64|Any CPU.Build.0 = debug64|Any CPU
		{735FBEB8-F834-4722-AABA-38845ACE9474}.debug64|x64.ActiveCfg = debug64|Any CPU
		{735FBEB8-F834-4722-AABA-38845ACE9474}.debug64|x64.Build.0 = debug64|Any CPU
		{735FBEB8-F834-4722-AABA-38845ACE9474}.debug64|x86.ActiveCfg = debug64|x86
		{735FBEB8-F834-4722-AABA-38845ACE9474}.debug64|x86.Build.0 = debug64|x86
		{735FBEB8-F834-4722-AABA-38845ACE9474}.Release|Any CPU.ActiveCfg = Release|Any CPU
		{735FBEB8-F834-4722-AABA-38845ACE9474}.Release|Any CPU.Build.0 = Release|Any CPU
		{735FBEB8-F834-4722-AABA-38845ACE9474}.Release|x64.ActiveCfg = Release|Any CPU
		{735FBEB8-F834-4722-AABA-38845ACE9474}.Release|x64.Build.0 = Release|Any CPU
		{735FBEB8-F834-4722-AABA-38845ACE9474}.Release|x86.ActiveCfg = Release|x86
		{735FBEB8-F834-4722-AABA-38845ACE9474}.Release|x86.Build.0 = Release|x86
		{D09DFB05-5C3A-4676-B5A2-443EF2E3E071}.Debug|Any CPU.ActiveCfg = Debug|Any CPU
		{D09DFB05-5C3A-4676-B5A2-443EF2E3E071}.Debug|Any CPU.Build.0 = Debug|Any CPU
		{D09DFB05-5C3A-4676-B5A2-443EF2E3E071}.Debug|x64.ActiveCfg = Debug|Any CPU
		{D09DFB05-5C3A-4676-B5A2-443EF2E3E071}.Debug|x64.Build.0 = Debug|Any CPU
		{D09DFB05-5C3A-4676-B5A2-443EF2E3E071}.Debug|x86.ActiveCfg = Debug|x86
		{D09DFB05-5C3A-4676-B5A2-443EF2E3E071}.Debug|x86.Build.0 = Debug|x86
		{D09DFB05-5C3A-4676-B5A2-443EF2E3E071}.debug64|Any CPU.ActiveCfg = debug64|Any CPU
		{D09DFB05-5C3A-4676-B5A2-443EF2E3E071}.debug64|Any CPU.Build.0 = debug64|Any CPU
		{D09DFB05-5C3A-4676-B5A2-443EF2E3E071}.debug64|x64.ActiveCfg = debug64|Any CPU
		{D09DFB05-5C3A-4676-B5A2-443EF2E3E071}.debug64|x64.Build.0 = debug64|Any CPU
		{D09DFB05-5C3A-4676-B5A2-443EF2E3E071}.debug64|x86.ActiveCfg = debug64|x86
		{D09DFB05-5C3A-4676-B5A2-443EF2E3E071}.debug64|x86.Build.0 = debug64|x86
		{D09DFB05-5C3A-4676-B5A2-443EF2E3E071}.Release|Any CPU.ActiveCfg = Release|Any CPU
		{D09DFB05-5C3A-4676-B5A2-443EF2E3E071}.Release|Any CPU.Build.0 = Release|Any CPU
		{D09DFB05-5C3A-4676-B5A2-443EF2E3E071}.Release|x64.ActiveCfg = Release|Any CPU
		{D09DFB05-5C3A-4676-B5A2-443EF2E3E071}.Release|x64.Build.0 = Release|Any CPU
		{D09DFB05-5C3A-4676-B5A2-443EF2E3E071}.Release|x86.ActiveCfg = Release|x86
		{D09DFB05-5C3A-4676-B5A2-443EF2E3E071}.Release|x86.Build.0 = Release|x86
		{1BE7C316-24CF-4784-AF75-54AC2F67DD48}.Debug|Any CPU.ActiveCfg = Debug|Any CPU
		{1BE7C316-24CF-4784-AF75-54AC2F67DD48}.Debug|Any CPU.Build.0 = Debug|Any CPU
		{1BE7C316-24CF-4784-AF75-54AC2F67DD48}.Debug|x64.ActiveCfg = Debug|Any CPU
		{1BE7C316-24CF-4784-AF75-54AC2F67DD48}.Debug|x64.Build.0 = Debug|Any CPU
		{1BE7C316-24CF-4784-AF75-54AC2F67DD48}.Debug|x86.ActiveCfg = Debug|x86
		{1BE7C316-24CF-4784-AF75-54AC2F67DD48}.Debug|x86.Build.0 = Debug|x86
		{1BE7C316-24CF-4784-AF75-54AC2F67DD48}.debug64|Any CPU.ActiveCfg = debug64|Any CPU
		{1BE7C316-24CF-4784-AF75-54AC2F67DD48}.debug64|Any CPU.Build.0 = debug64|Any CPU
		{1BE7C316-24CF-4784-AF75-54AC2F67DD48}.debug64|x64.ActiveCfg = debug64|Any CPU
		{1BE7C316-24CF-4784-AF75-54AC2F67DD48}.debug64|x64.Build.0 = debug64|Any CPU
		{1BE7C316-24CF-4784-AF75-54AC2F67DD48}.debug64|x86.ActiveCfg = debug64|x86
		{1BE7C316-24CF-4784-AF75-54AC2F67DD48}.debug64|x86.Build.0 = debug64|x86
		{1BE7C316-24CF-4784-AF75-54AC2F67DD48}.Release|Any CPU.ActiveCfg = Release|Any CPU
		{1BE7C316-24CF-4784-AF75-54AC2F67DD48}.Release|Any CPU.Build.0 = Release|Any CPU
		{1BE7C316-24CF-4784-AF75-54AC2F67DD48}.Release|x64.ActiveCfg = Release|Any CPU
		{1BE7C316-24CF-4784-AF75-54AC2F67DD48}.Release|x64.Build.0 = Release|Any CPU
		{1BE7C316-24CF-4784-AF75-54AC2F67DD48}.Release|x86.ActiveCfg = Release|x86
		{1BE7C316-24CF-4784-AF75-54AC2F67DD48}.Release|x86.Build.0 = Release|x86
		{686873DE-589B-4382-A6FB-72408DD680EB}.Debug|Any CPU.ActiveCfg = Debug|Any CPU
		{686873DE-589B-4382-A6FB-72408DD680EB}.Debug|Any CPU.Build.0 = Debug|Any CPU
		{686873DE-589B-4382-A6FB-72408DD680EB}.Debug|x64.ActiveCfg = Debug|Any CPU
		{686873DE-589B-4382-A6FB-72408DD680EB}.Debug|x64.Build.0 = Debug|Any CPU
		{686873DE-589B-4382-A6FB-72408DD680EB}.Debug|x86.ActiveCfg = Debug|x86
		{686873DE-589B-4382-A6FB-72408DD680EB}.Debug|x86.Build.0 = Debug|x86
		{686873DE-589B-4382-A6FB-72408DD680EB}.debug64|Any CPU.ActiveCfg = debug64|Any CPU
		{686873DE-589B-4382-A6FB-72408DD680EB}.debug64|Any CPU.Build.0 = debug64|Any CPU
		{686873DE-589B-4382-A6FB-72408DD680EB}.debug64|x64.ActiveCfg = debug64|Any CPU
		{686873DE-589B-4382-A6FB-72408DD680EB}.debug64|x64.Build.0 = debug64|Any CPU
		{686873DE-589B-4382-A6FB-72408DD680EB}.debug64|x86.ActiveCfg = debug64|x86
		{686873DE-589B-4382-A6FB-72408DD680EB}.debug64|x86.Build.0 = debug64|x86
		{686873DE-589B-4382-A6FB-72408DD680EB}.Release|Any CPU.ActiveCfg = Release|Any CPU
		{686873DE-589B-4382-A6FB-72408DD680EB}.Release|Any CPU.Build.0 = Release|Any CPU
		{686873DE-589B-4382-A6FB-72408DD680EB}.Release|x64.ActiveCfg = Release|Any CPU
		{686873DE-589B-4382-A6FB-72408DD680EB}.Release|x64.Build.0 = Release|Any CPU
		{686873DE-589B-4382-A6FB-72408DD680EB}.Release|x86.ActiveCfg = Release|x86
		{686873DE-589B-4382-A6FB-72408DD680EB}.Release|x86.Build.0 = Release|x86
		{DCDEE606-7AC0-4B72-AD46-09402BE6D3AF}.Debug|Any CPU.ActiveCfg = Debug|Any CPU
		{DCDEE606-7AC0-4B72-AD46-09402BE6D3AF}.Debug|Any CPU.Build.0 = Debug|Any CPU
		{DCDEE606-7AC0-4B72-AD46-09402BE6D3AF}.Debug|x64.ActiveCfg = Debug|Any CPU
		{DCDEE606-7AC0-4B72-AD46-09402BE6D3AF}.Debug|x64.Build.0 = Debug|Any CPU
		{DCDEE606-7AC0-4B72-AD46-09402BE6D3AF}.Debug|x86.ActiveCfg = Debug|x86
		{DCDEE606-7AC0-4B72-AD46-09402BE6D3AF}.Debug|x86.Build.0 = Debug|x86
		{DCDEE606-7AC0-4B72-AD46-09402BE6D3AF}.debug64|Any CPU.ActiveCfg = debug64|Any CPU
		{DCDEE606-7AC0-4B72-AD46-09402BE6D3AF}.debug64|Any CPU.Build.0 = debug64|Any CPU
		{DCDEE606-7AC0-4B72-AD46-09402BE6D3AF}.debug64|x64.ActiveCfg = debug64|Any CPU
		{DCDEE606-7AC0-4B72-AD46-09402BE6D3AF}.debug64|x64.Build.0 = debug64|Any CPU
		{DCDEE606-7AC0-4B72-AD46-09402BE6D3AF}.debug64|x86.ActiveCfg = debug64|x86
		{DCDEE606-7AC0-4B72-AD46-09402BE6D3AF}.debug64|x86.Build.0 = debug64|x86
		{DCDEE606-7AC0-4B72-AD46-09402BE6D3AF}.Release|Any CPU.ActiveCfg = Release|Any CPU
		{DCDEE606-7AC0-4B72-AD46-09402BE6D3AF}.Release|Any CPU.Build.0 = Release|Any CPU
		{DCDEE606-7AC0-4B72-AD46-09402BE6D3AF}.Release|x64.ActiveCfg = Release|Any CPU
		{DCDEE606-7AC0-4B72-AD46-09402BE6D3AF}.Release|x64.Build.0 = Release|Any CPU
		{DCDEE606-7AC0-4B72-AD46-09402BE6D3AF}.Release|x86.ActiveCfg = Release|x86
		{DCDEE606-7AC0-4B72-AD46-09402BE6D3AF}.Release|x86.Build.0 = Release|x86
		{23ECD4F5-449A-4AD7-8848-F646ED663F72}.Debug|Any CPU.ActiveCfg = Debug|Any CPU
		{23ECD4F5-449A-4AD7-8848-F646ED663F72}.Debug|Any CPU.Build.0 = Debug|Any CPU
		{23ECD4F5-449A-4AD7-8848-F646ED663F72}.Debug|x64.ActiveCfg = Debug|Any CPU
		{23ECD4F5-449A-4AD7-8848-F646ED663F72}.Debug|x64.Build.0 = Debug|Any CPU
		{23ECD4F5-449A-4AD7-8848-F646ED663F72}.Debug|x86.ActiveCfg = Debug|x86
		{23ECD4F5-449A-4AD7-8848-F646ED663F72}.Debug|x86.Build.0 = Debug|x86
		{23ECD4F5-449A-4AD7-8848-F646ED663F72}.debug64|Any CPU.ActiveCfg = debug64|Any CPU
		{23ECD4F5-449A-4AD7-8848-F646ED663F72}.debug64|Any CPU.Build.0 = debug64|Any CPU
		{23ECD4F5-449A-4AD7-8848-F646ED663F72}.debug64|x64.ActiveCfg = debug64|Any CPU
		{23ECD4F5-449A-4AD7-8848-F646ED663F72}.debug64|x64.Build.0 = debug64|Any CPU
		{23ECD4F5-449A-4AD7-8848-F646ED663F72}.debug64|x86.ActiveCfg = debug64|x86
		{23ECD4F5-449A-4AD7-8848-F646ED663F72}.debug64|x86.Build.0 = debug64|x86
		{23ECD4F5-449A-4AD7-8848-F646ED663F72}.Release|Any CPU.ActiveCfg = Release|Any CPU
		{23ECD4F5-449A-4AD7-8848-F646ED663F72}.Release|Any CPU.Build.0 = Release|Any CPU
		{23ECD4F5-449A-4AD7-8848-F646ED663F72}.Release|x64.ActiveCfg = Release|Any CPU
		{23ECD4F5-449A-4AD7-8848-F646ED663F72}.Release|x64.Build.0 = Release|Any CPU
		{23ECD4F5-449A-4AD7-8848-F646ED663F72}.Release|x86.ActiveCfg = Release|x86
		{23ECD4F5-449A-4AD7-8848-F646ED663F72}.Release|x86.Build.0 = Release|x86
		{03963B7B-D0D8-4BA3-98B8-1C7ED9DD8A91}.Debug|Any CPU.ActiveCfg = Debug|Any CPU
		{03963B7B-D0D8-4BA3-98B8-1C7ED9DD8A91}.Debug|Any CPU.Build.0 = Debug|Any CPU
		{03963B7B-D0D8-4BA3-98B8-1C7ED9DD8A91}.Debug|x64.ActiveCfg = Debug|Any CPU
		{03963B7B-D0D8-4BA3-98B8-1C7ED9DD8A91}.Debug|x64.Build.0 = Debug|Any CPU
		{03963B7B-D0D8-4BA3-98B8-1C7ED9DD8A91}.Debug|x86.ActiveCfg = Debug|x86
		{03963B7B-D0D8-4BA3-98B8-1C7ED9DD8A91}.Debug|x86.Build.0 = Debug|x86
		{03963B7B-D0D8-4BA3-98B8-1C7ED9DD8A91}.debug64|Any CPU.ActiveCfg = debug64|Any CPU
		{03963B7B-D0D8-4BA3-98B8-1C7ED9DD8A91}.debug64|Any CPU.Build.0 = debug64|Any CPU
		{03963B7B-D0D8-4BA3-98B8-1C7ED9DD8A91}.debug64|x64.ActiveCfg = debug64|Any CPU
		{03963B7B-D0D8-4BA3-98B8-1C7ED9DD8A91}.debug64|x64.Build.0 = debug64|Any CPU
		{03963B7B-D0D8-4BA3-98B8-1C7ED9DD8A91}.debug64|x86.ActiveCfg = debug64|x86
		{03963B7B-D0D8-4BA3-98B8-1C7ED9DD8A91}.debug64|x86.Build.0 = debug64|x86
		{03963B7B-D0D8-4BA3-98B8-1C7ED9DD8A91}.Release|Any CPU.ActiveCfg = Release|Any CPU
		{03963B7B-D0D8-4BA3-98B8-1C7ED9DD8A91}.Release|Any CPU.Build.0 = Release|Any CPU
		{03963B7B-D0D8-4BA3-98B8-1C7ED9DD8A91}.Release|x64.ActiveCfg = Release|Any CPU
		{03963B7B-D0D8-4BA3-98B8-1C7ED9DD8A91}.Release|x64.Build.0 = Release|Any CPU
		{03963B7B-D0D8-4BA3-98B8-1C7ED9DD8A91}.Release|x86.ActiveCfg = Release|x86
		{03963B7B-D0D8-4BA3-98B8-1C7ED9DD8A91}.Release|x86.Build.0 = Release|x86
		{3059098A-7F49-44C9-9F15-76AEE0BB6F0B}.Debug|Any CPU.ActiveCfg = Debug|Any CPU
		{3059098A-7F49-44C9-9F15-76AEE0BB6F0B}.Debug|Any CPU.Build.0 = Debug|Any CPU
		{3059098A-7F49-44C9-9F15-76AEE0BB6F0B}.Debug|x64.ActiveCfg = Debug|Any CPU
		{3059098A-7F49-44C9-9F15-76AEE0BB6F0B}.Debug|x64.Build.0 = Debug|Any CPU
		{3059098A-7F49-44C9-9F15-76AEE0BB6F0B}.Debug|x86.ActiveCfg = Debug|x86
		{3059098A-7F49-44C9-9F15-76AEE0BB6F0B}.Debug|x86.Build.0 = Debug|x86
		{3059098A-7F49-44C9-9F15-76AEE0BB6F0B}.debug64|Any CPU.ActiveCfg = debug64|Any CPU
		{3059098A-7F49-44C9-9F15-76AEE0BB6F0B}.debug64|Any CPU.Build.0 = debug64|Any CPU
		{3059098A-7F49-44C9-9F15-76AEE0BB6F0B}.debug64|x64.ActiveCfg = debug64|Any CPU
		{3059098A-7F49-44C9-9F15-76AEE0BB6F0B}.debug64|x64.Build.0 = debug64|Any CPU
		{3059098A-7F49-44C9-9F15-76AEE0BB6F0B}.debug64|x86.ActiveCfg = debug64|x86
		{3059098A-7F49-44C9-9F15-76AEE0BB6F0B}.debug64|x86.Build.0 = debug64|x86
		{3059098A-7F49-44C9-9F15-76AEE0BB6F0B}.Release|Any CPU.ActiveCfg = Release|Any CPU
		{3059098A-7F49-44C9-9F15-76AEE0BB6F0B}.Release|Any CPU.Build.0 = Release|Any CPU
		{3059098A-7F49-44C9-9F15-76AEE0BB6F0B}.Release|x64.ActiveCfg = Release|Any CPU
		{3059098A-7F49-44C9-9F15-76AEE0BB6F0B}.Release|x64.Build.0 = Release|Any CPU
		{3059098A-7F49-44C9-9F15-76AEE0BB6F0B}.Release|x86.ActiveCfg = Release|x86
		{3059098A-7F49-44C9-9F15-76AEE0BB6F0B}.Release|x86.Build.0 = Release|x86
		{7D615102-1132-4B4D-824A-9CC4E930C566}.Debug|Any CPU.ActiveCfg = Debug|Any CPU
		{7D615102-1132-4B4D-824A-9CC4E930C566}.Debug|Any CPU.Build.0 = Debug|Any CPU
		{7D615102-1132-4B4D-824A-9CC4E930C566}.Debug|x64.ActiveCfg = Debug|Any CPU
		{7D615102-1132-4B4D-824A-9CC4E930C566}.Debug|x64.Build.0 = Debug|Any CPU
		{7D615102-1132-4B4D-824A-9CC4E930C566}.Debug|x86.ActiveCfg = Debug|x86
		{7D615102-1132-4B4D-824A-9CC4E930C566}.Debug|x86.Build.0 = Debug|x86
		{7D615102-1132-4B4D-824A-9CC4E930C566}.debug64|Any CPU.ActiveCfg = debug64|Any CPU
		{7D615102-1132-4B4D-824A-9CC4E930C566}.debug64|Any CPU.Build.0 = debug64|Any CPU
		{7D615102-1132-4B4D-824A-9CC4E930C566}.debug64|x64.ActiveCfg = debug64|Any CPU
		{7D615102-1132-4B4D-824A-9CC4E930C566}.debug64|x64.Build.0 = debug64|Any CPU
		{7D615102-1132-4B4D-824A-9CC4E930C566}.debug64|x86.ActiveCfg = debug64|x86
		{7D615102-1132-4B4D-824A-9CC4E930C566}.debug64|x86.Build.0 = debug64|x86
		{7D615102-1132-4B4D-824A-9CC4E930C566}.Release|Any CPU.ActiveCfg = Release|Any CPU
		{7D615102-1132-4B4D-824A-9CC4E930C566}.Release|Any CPU.Build.0 = Release|Any CPU
		{7D615102-1132-4B4D-824A-9CC4E930C566}.Release|x64.ActiveCfg = Release|Any CPU
		{7D615102-1132-4B4D-824A-9CC4E930C566}.Release|x64.Build.0 = Release|Any CPU
		{7D615102-1132-4B4D-824A-9CC4E930C566}.Release|x86.ActiveCfg = Release|x86
		{7D615102-1132-4B4D-824A-9CC4E930C566}.Release|x86.Build.0 = Release|x86
		{0AAE70C4-7558-49BB-A54D-6FBD141D6746}.Debug|Any CPU.ActiveCfg = Debug|Any CPU
		{0AAE70C4-7558-49BB-A54D-6FBD141D6746}.Debug|Any CPU.Build.0 = Debug|Any CPU
		{0AAE70C4-7558-49BB-A54D-6FBD141D6746}.Debug|x64.ActiveCfg = Debug|Any CPU
		{0AAE70C4-7558-49BB-A54D-6FBD141D6746}.Debug|x64.Build.0 = Debug|Any CPU
		{0AAE70C4-7558-49BB-A54D-6FBD141D6746}.Debug|x86.ActiveCfg = Debug|Any CPU
		{0AAE70C4-7558-49BB-A54D-6FBD141D6746}.Debug|x86.Build.0 = Debug|Any CPU
		{0AAE70C4-7558-49BB-A54D-6FBD141D6746}.debug64|Any CPU.ActiveCfg = Debug|Any CPU
		{0AAE70C4-7558-49BB-A54D-6FBD141D6746}.debug64|Any CPU.Build.0 = Debug|Any CPU
		{0AAE70C4-7558-49BB-A54D-6FBD141D6746}.debug64|x64.ActiveCfg = Debug|Any CPU
		{0AAE70C4-7558-49BB-A54D-6FBD141D6746}.debug64|x64.Build.0 = Debug|Any CPU
		{0AAE70C4-7558-49BB-A54D-6FBD141D6746}.debug64|x86.ActiveCfg = Debug|Any CPU
		{0AAE70C4-7558-49BB-A54D-6FBD141D6746}.debug64|x86.Build.0 = Debug|Any CPU
		{0AAE70C4-7558-49BB-A54D-6FBD141D6746}.Release|Any CPU.ActiveCfg = Release|Any CPU
		{0AAE70C4-7558-49BB-A54D-6FBD141D6746}.Release|Any CPU.Build.0 = Release|Any CPU
		{0AAE70C4-7558-49BB-A54D-6FBD141D6746}.Release|x64.ActiveCfg = Release|Any CPU
		{0AAE70C4-7558-49BB-A54D-6FBD141D6746}.Release|x64.Build.0 = Release|Any CPU
		{0AAE70C4-7558-49BB-A54D-6FBD141D6746}.Release|x86.ActiveCfg = Release|Any CPU
		{0AAE70C4-7558-49BB-A54D-6FBD141D6746}.Release|x86.Build.0 = Release|Any CPU
		{F9BD81E5-A8EF-4632-9A38-741D84C45F36}.Debug|Any CPU.ActiveCfg = Debug|Any CPU
		{F9BD81E5-A8EF-4632-9A38-741D84C45F36}.Debug|Any CPU.Build.0 = Debug|Any CPU
		{F9BD81E5-A8EF-4632-9A38-741D84C45F36}.Debug|x64.ActiveCfg = Debug|Any CPU
		{F9BD81E5-A8EF-4632-9A38-741D84C45F36}.Debug|x64.Build.0 = Debug|Any CPU
		{F9BD81E5-A8EF-4632-9A38-741D84C45F36}.Debug|x86.ActiveCfg = Debug|Any CPU
		{F9BD81E5-A8EF-4632-9A38-741D84C45F36}.Debug|x86.Build.0 = Debug|Any CPU
		{F9BD81E5-A8EF-4632-9A38-741D84C45F36}.debug64|Any CPU.ActiveCfg = Debug|Any CPU
		{F9BD81E5-A8EF-4632-9A38-741D84C45F36}.debug64|Any CPU.Build.0 = Debug|Any CPU
		{F9BD81E5-A8EF-4632-9A38-741D84C45F36}.debug64|x64.ActiveCfg = Debug|Any CPU
		{F9BD81E5-A8EF-4632-9A38-741D84C45F36}.debug64|x64.Build.0 = Debug|Any CPU
		{F9BD81E5-A8EF-4632-9A38-741D84C45F36}.debug64|x86.ActiveCfg = Debug|Any CPU
		{F9BD81E5-A8EF-4632-9A38-741D84C45F36}.debug64|x86.Build.0 = Debug|Any CPU
		{F9BD81E5-A8EF-4632-9A38-741D84C45F36}.Release|Any CPU.ActiveCfg = Release|Any CPU
		{F9BD81E5-A8EF-4632-9A38-741D84C45F36}.Release|Any CPU.Build.0 = Release|Any CPU
		{F9BD81E5-A8EF-4632-9A38-741D84C45F36}.Release|x64.ActiveCfg = Release|Any CPU
		{F9BD81E5-A8EF-4632-9A38-741D84C45F36}.Release|x64.Build.0 = Release|Any CPU
		{F9BD81E5-A8EF-4632-9A38-741D84C45F36}.Release|x86.ActiveCfg = Release|Any CPU
		{F9BD81E5-A8EF-4632-9A38-741D84C45F36}.Release|x86.Build.0 = Release|Any CPU
		{EB170446-7366-41D7-A97B-9DFD9BA2F128}.Debug|Any CPU.ActiveCfg = Debug|Any CPU
		{EB170446-7366-41D7-A97B-9DFD9BA2F128}.Debug|Any CPU.Build.0 = Debug|Any CPU
		{EB170446-7366-41D7-A97B-9DFD9BA2F128}.Debug|x64.ActiveCfg = Debug|Any CPU
		{EB170446-7366-41D7-A97B-9DFD9BA2F128}.Debug|x64.Build.0 = Debug|Any CPU
		{EB170446-7366-41D7-A97B-9DFD9BA2F128}.Debug|x86.ActiveCfg = Debug|Any CPU
		{EB170446-7366-41D7-A97B-9DFD9BA2F128}.Debug|x86.Build.0 = Debug|Any CPU
		{EB170446-7366-41D7-A97B-9DFD9BA2F128}.debug64|Any CPU.ActiveCfg = Debug|Any CPU
		{EB170446-7366-41D7-A97B-9DFD9BA2F128}.debug64|Any CPU.Build.0 = Debug|Any CPU
		{EB170446-7366-41D7-A97B-9DFD9BA2F128}.debug64|x64.ActiveCfg = Debug|Any CPU
		{EB170446-7366-41D7-A97B-9DFD9BA2F128}.debug64|x64.Build.0 = Debug|Any CPU
		{EB170446-7366-41D7-A97B-9DFD9BA2F128}.debug64|x86.ActiveCfg = Debug|Any CPU
		{EB170446-7366-41D7-A97B-9DFD9BA2F128}.debug64|x86.Build.0 = Debug|Any CPU
		{EB170446-7366-41D7-A97B-9DFD9BA2F128}.Release|Any CPU.ActiveCfg = Release|Any CPU
		{EB170446-7366-41D7-A97B-9DFD9BA2F128}.Release|Any CPU.Build.0 = Release|Any CPU
		{EB170446-7366-41D7-A97B-9DFD9BA2F128}.Release|x64.ActiveCfg = Release|Any CPU
		{EB170446-7366-41D7-A97B-9DFD9BA2F128}.Release|x64.Build.0 = Release|Any CPU
		{EB170446-7366-41D7-A97B-9DFD9BA2F128}.Release|x86.ActiveCfg = Release|Any CPU
		{EB170446-7366-41D7-A97B-9DFD9BA2F128}.Release|x86.Build.0 = Release|Any CPU
		{94E423CE-EE78-43D2-AC47-5611FC5D8612}.Debug|Any CPU.ActiveCfg = Debug|Any CPU
		{94E423CE-EE78-43D2-AC47-5611FC5D8612}.Debug|Any CPU.Build.0 = Debug|Any CPU
		{94E423CE-EE78-43D2-AC47-5611FC5D8612}.Debug|x64.ActiveCfg = Debug|Any CPU
		{94E423CE-EE78-43D2-AC47-5611FC5D8612}.Debug|x64.Build.0 = Debug|Any CPU
		{94E423CE-EE78-43D2-AC47-5611FC5D8612}.Debug|x86.ActiveCfg = Debug|Any CPU
		{94E423CE-EE78-43D2-AC47-5611FC5D8612}.Debug|x86.Build.0 = Debug|Any CPU
		{94E423CE-EE78-43D2-AC47-5611FC5D8612}.debug64|Any CPU.ActiveCfg = Debug|Any CPU
		{94E423CE-EE78-43D2-AC47-5611FC5D8612}.debug64|Any CPU.Build.0 = Debug|Any CPU
		{94E423CE-EE78-43D2-AC47-5611FC5D8612}.debug64|x64.ActiveCfg = Debug|Any CPU
		{94E423CE-EE78-43D2-AC47-5611FC5D8612}.debug64|x64.Build.0 = Debug|Any CPU
		{94E423CE-EE78-43D2-AC47-5611FC5D8612}.debug64|x86.ActiveCfg = Debug|Any CPU
		{94E423CE-EE78-43D2-AC47-5611FC5D8612}.debug64|x86.Build.0 = Debug|Any CPU
		{94E423CE-EE78-43D2-AC47-5611FC5D8612}.Release|Any CPU.ActiveCfg = Release|Any CPU
		{94E423CE-EE78-43D2-AC47-5611FC5D8612}.Release|Any CPU.Build.0 = Release|Any CPU
		{94E423CE-EE78-43D2-AC47-5611FC5D8612}.Release|x64.ActiveCfg = Release|Any CPU
		{94E423CE-EE78-43D2-AC47-5611FC5D8612}.Release|x64.Build.0 = Release|Any CPU
		{94E423CE-EE78-43D2-AC47-5611FC5D8612}.Release|x86.ActiveCfg = Release|Any CPU
		{94E423CE-EE78-43D2-AC47-5611FC5D8612}.Release|x86.Build.0 = Release|Any CPU
		{52B2C7DA-9107-41D0-A912-E10B6304A0B8}.Debug|Any CPU.ActiveCfg = Debug|Any CPU
		{52B2C7DA-9107-41D0-A912-E10B6304A0B8}.Debug|Any CPU.Build.0 = Debug|Any CPU
		{52B2C7DA-9107-41D0-A912-E10B6304A0B8}.Debug|x64.ActiveCfg = Debug|Any CPU
		{52B2C7DA-9107-41D0-A912-E10B6304A0B8}.Debug|x64.Build.0 = Debug|Any CPU
		{52B2C7DA-9107-41D0-A912-E10B6304A0B8}.Debug|x86.ActiveCfg = Debug|Any CPU
		{52B2C7DA-9107-41D0-A912-E10B6304A0B8}.Debug|x86.Build.0 = Debug|Any CPU
		{52B2C7DA-9107-41D0-A912-E10B6304A0B8}.debug64|Any CPU.ActiveCfg = Debug|Any CPU
		{52B2C7DA-9107-41D0-A912-E10B6304A0B8}.debug64|Any CPU.Build.0 = Debug|Any CPU
		{52B2C7DA-9107-41D0-A912-E10B6304A0B8}.debug64|x64.ActiveCfg = Debug|Any CPU
		{52B2C7DA-9107-41D0-A912-E10B6304A0B8}.debug64|x64.Build.0 = Debug|Any CPU
		{52B2C7DA-9107-41D0-A912-E10B6304A0B8}.debug64|x86.ActiveCfg = Debug|Any CPU
		{52B2C7DA-9107-41D0-A912-E10B6304A0B8}.debug64|x86.Build.0 = Debug|Any CPU
		{52B2C7DA-9107-41D0-A912-E10B6304A0B8}.Release|Any CPU.ActiveCfg = Release|Any CPU
		{52B2C7DA-9107-41D0-A912-E10B6304A0B8}.Release|Any CPU.Build.0 = Release|Any CPU
		{52B2C7DA-9107-41D0-A912-E10B6304A0B8}.Release|x64.ActiveCfg = Release|Any CPU
		{52B2C7DA-9107-41D0-A912-E10B6304A0B8}.Release|x64.Build.0 = Release|Any CPU
		{52B2C7DA-9107-41D0-A912-E10B6304A0B8}.Release|x86.ActiveCfg = Release|Any CPU
		{52B2C7DA-9107-41D0-A912-E10B6304A0B8}.Release|x86.Build.0 = Release|Any CPU
		{B51E1ABA-38C3-4BC8-9644-C1018FA97880}.Debug|Any CPU.ActiveCfg = Debug|Any CPU
		{B51E1ABA-38C3-4BC8-9644-C1018FA97880}.Debug|Any CPU.Build.0 = Debug|Any CPU
		{B51E1ABA-38C3-4BC8-9644-C1018FA97880}.Debug|x64.ActiveCfg = Debug|x64
		{B51E1ABA-38C3-4BC8-9644-C1018FA97880}.Debug|x64.Build.0 = Debug|x64
		{B51E1ABA-38C3-4BC8-9644-C1018FA97880}.Debug|x86.ActiveCfg = Debug|x86
		{B51E1ABA-38C3-4BC8-9644-C1018FA97880}.Debug|x86.Build.0 = Debug|x86
		{B51E1ABA-38C3-4BC8-9644-C1018FA97880}.debug64|Any CPU.ActiveCfg = Debug|Any CPU
		{B51E1ABA-38C3-4BC8-9644-C1018FA97880}.debug64|Any CPU.Build.0 = Debug|Any CPU
		{B51E1ABA-38C3-4BC8-9644-C1018FA97880}.debug64|x64.ActiveCfg = Debug|x64
		{B51E1ABA-38C3-4BC8-9644-C1018FA97880}.debug64|x64.Build.0 = Debug|x64
		{B51E1ABA-38C3-4BC8-9644-C1018FA97880}.debug64|x86.ActiveCfg = Debug|x86
		{B51E1ABA-38C3-4BC8-9644-C1018FA97880}.debug64|x86.Build.0 = Debug|x86
		{B51E1ABA-38C3-4BC8-9644-C1018FA97880}.Release|Any CPU.ActiveCfg = Release|Any CPU
		{B51E1ABA-38C3-4BC8-9644-C1018FA97880}.Release|Any CPU.Build.0 = Release|Any CPU
		{B51E1ABA-38C3-4BC8-9644-C1018FA97880}.Release|x64.ActiveCfg = Release|x64
		{B51E1ABA-38C3-4BC8-9644-C1018FA97880}.Release|x64.Build.0 = Release|x64
		{B51E1ABA-38C3-4BC8-9644-C1018FA97880}.Release|x86.ActiveCfg = Release|x86
		{B51E1ABA-38C3-4BC8-9644-C1018FA97880}.Release|x86.Build.0 = Release|x86
	EndGlobalSection
	GlobalSection(SolutionProperties) = preSolution
		HideSolutionNode = FALSE
	EndGlobalSection
	GlobalSection(ExtensibilityGlobals) = postSolution
		SolutionGuid = {04F6F36B-3988-40A2-ADAD-5B3F668DB3EF}
	EndGlobalSection
EndGlobal
