
Microsoft Visual Studio Solution File, Format Version 12.00
# Visual Studio 2013
VisualStudioVersion = 12.0.21005.1
MinimumVisualStudioVersion = 10.0.40219.1
Project("{FAE04EC0-301F-11D3-BF4B-00C04F79EFBC}") = "AnesCommunicator", "AnesCommunicator\AnesCommunicator.csproj", "{B51E1ABA-38C3-4BC8-9644-C1018FA97880}"
EndProject
Project("{FAE04EC0-301F-11D3-BF4B-00C04F79EFBC}") = "FrameWork", "FrameWork\FrameWork.csproj", "{0F1A97BE-6F07-4F02-8DB8-425A112C632F}"
EndProject
Global
	GlobalSection(SolutionConfigurationPlatforms) = preSolution
		Debug|Any CPU = Debug|Any CPU
		Debug|x86 = Debug|x86
		Release|Any CPU = Release|Any CPU
		Release|x86 = Release|x86
	EndGlobalSection
	GlobalSection(ProjectConfigurationPlatforms) = postSolution
		{B51E1ABA-38C3-4BC8-9644-C1018FA97880}.Debug|Any CPU.ActiveCfg = Debug|Any CPU
		{B51E1ABA-38C3-4BC8-9644-C1018FA97880}.Debug|Any CPU.Build.0 = Debug|Any CPU
		{B51E1ABA-38C3-4BC8-9644-C1018FA97880}.Debug|x86.ActiveCfg = Debug|x86
		{B51E1ABA-38C3-4BC8-9644-C1018FA97880}.Debug|x86.Build.0 = Debug|x86
		{B51E1ABA-38C3-4BC8-9644-C1018FA97880}.Release|Any CPU.ActiveCfg = Release|Any CPU
		{B51E1ABA-38C3-4BC8-9644-C1018FA97880}.Release|Any CPU.Build.0 = Release|Any CPU
		{B51E1ABA-38C3-4BC8-9644-C1018FA97880}.Release|x86.ActiveCfg = Release|x86
		{B51E1ABA-38C3-4BC8-9644-C1018FA97880}.Release|x86.Build.0 = Release|x86
		{0F1A97BE-6F07-4F02-8DB8-425A112C632F}.Debug|Any CPU.ActiveCfg = Debug|Any CPU
		{0F1A97BE-6F07-4F02-8DB8-425A112C632F}.Debug|Any CPU.Build.0 = Debug|Any CPU
		{0F1A97BE-6F07-4F02-8DB8-425A112C632F}.Debug|x86.ActiveCfg = Debug|x86
		{0F1A97BE-6F07-4F02-8DB8-425A112C632F}.Debug|x86.Build.0 = Debug|x86
		{0F1A97BE-6F07-4F02-8DB8-425A112C632F}.Release|Any CPU.ActiveCfg = Release|Any CPU
		{0F1A97BE-6F07-4F02-8DB8-425A112C632F}.Release|Any CPU.Build.0 = Release|Any CPU
		{0F1A97BE-6F07-4F02-8DB8-425A112C632F}.Release|x86.ActiveCfg = Release|x86
		{0F1A97BE-6F07-4F02-8DB8-425A112C632F}.Release|x86.Build.0 = Release|x86
	EndGlobalSection
	GlobalSection(SolutionProperties) = preSolution
		HideSolutionNode = FALSE
	EndGlobalSection
EndGlobal
